// !$*UTF8*$!
{
	archiveVersion = 1;
	classes = {
	};
	objectVersion = 56;
	objects = {

/* Begin PBXBuildFile section */
		8A32A87A2CB85AE90040DA04 /* TattooSpotApp.swift in Sources */ = {isa = PBXBuildFile; fileRef = 8A32A8792CB85AE90040DA04 /* TattooSpotApp.swift */; };
		8A32A87C2CB85AE90040DA04 /* ContentView.swift in Sources */ = {isa = PBXBuildFile; fileRef = 8A32A87B2CB85AE90040DA04 /* ContentView.swift */; };
		8A32A87E2CB85AE90040DA04 /* Item.swift in Sources */ = {isa = PBXBuildFile; fileRef = 8A32A87D2CB85AE90040DA04 /* Item.swift */; };
		8A32A8802CB85AEB0040DA04 /* Assets.xcassets in Resources */ = {isa = PBXBuildFile; fileRef = 8A32A87F2CB85AEB0040DA04 /* Assets.xcassets */; };
		8A32A8832CB85AEB0040DA04 /* Preview Assets.xcassets in Resources */ = {isa = PBXBuildFile; fileRef = 8A32A8822CB85AEB0040DA04 /* Preview Assets.xcassets */; };
		8A32A88B2CB85B410040DA04 /* LoginView.swift in Sources */ = {isa = PBXBuildFile; fileRef = 8A32A88A2CB85B410040DA04 /* LoginView.swift */; };
		8A32A88D2CB85BE00040DA04 /* LoginViewModel.swift in Sources */ = {isa = PBXBuildFile; fileRef = 8A32A88C2CB85BE00040DA04 /* LoginViewModel.swift */; };
		8A32A88F2CB85DC80040DA04 /* Router.swift in Sources */ = {isa = PBXBuildFile; fileRef = 8A32A88E2CB85DC80040DA04 /* Router.swift */; };
		8A32A8922CB85DFA0040DA04 /* Destination.swift in Sources */ = {isa = PBXBuildFile; fileRef = 8A32A8912CB85DFA0040DA04 /* Destination.swift */; };
		8A32A8942CB85F9C0040DA04 /* CreateNewAccountView.swift in Sources */ = {isa = PBXBuildFile; fileRef = 8A32A8932CB85F9C0040DA04 /* CreateNewAccountView.swift */; };
		8A32A8962CB860680040DA04 /* HomeView.swift in Sources */ = {isa = PBXBuildFile; fileRef = 8A32A8952CB860680040DA04 /* HomeView.swift */; };
		8A32A8982CB863120040DA04 /* UserView.swift in Sources */ = {isa = PBXBuildFile; fileRef = 8A32A8972CB863120040DA04 /* UserView.swift */; };
		8AAC16C82CD7B0F2003D6171 /* HomeArtistHighlightView.swift in Sources */ = {isa = PBXBuildFile; fileRef = 8AAC16C72CD7B0F2003D6171 /* HomeArtistHighlightView.swift */; };
		8AAC16CA2CD7C0D5003D6171 /* MainTabView.swift in Sources */ = {isa = PBXBuildFile; fileRef = 8AAC16C92CD7C0D5003D6171 /* MainTabView.swift */; };
		8AFC99AB2CD66C4D00C17F82 /* GoogleService-Info.plist in Resources */ = {isa = PBXBuildFile; fileRef = 8AFC99AA2CD66C4D00C17F82 /* GoogleService-Info.plist */; };
		8AFC99AE2CD66CCD00C17F82 /* FirebaseAnalytics in Frameworks */ = {isa = PBXBuildFile; productRef = 8AFC99AD2CD66CCD00C17F82 /* FirebaseAnalytics */; };
		8AFC99B02CD66CCD00C17F82 /* FirebaseAnalyticsOnDeviceConversion in Frameworks */ = {isa = PBXBuildFile; productRef = 8AFC99AF2CD66CCD00C17F82 /* FirebaseAnalyticsOnDeviceConversion */; };
		8AFC99B22CD66CCD00C17F82 /* FirebaseAnalyticsWithoutAdIdSupport in Frameworks */ = {isa = PBXBuildFile; productRef = 8AFC99B12CD66CCD00C17F82 /* FirebaseAnalyticsWithoutAdIdSupport */; };
		8AFC99B42CD66CCD00C17F82 /* FirebaseAppCheck in Frameworks */ = {isa = PBXBuildFile; productRef = 8AFC99B32CD66CCD00C17F82 /* FirebaseAppCheck */; };
		8AFC99B62CD66CCD00C17F82 /* FirebaseAppDistribution-Beta in Frameworks */ = {isa = PBXBuildFile; productRef = 8AFC99B52CD66CCD00C17F82 /* FirebaseAppDistribution-Beta */; };
		8AFC99B82CD66CCD00C17F82 /* FirebaseAuth in Frameworks */ = {isa = PBXBuildFile; productRef = 8AFC99B72CD66CCD00C17F82 /* FirebaseAuth */; };
		8AFC99BA2CD66CCD00C17F82 /* FirebaseAuthCombine-Community in Frameworks */ = {isa = PBXBuildFile; productRef = 8AFC99B92CD66CCD00C17F82 /* FirebaseAuthCombine-Community */; };
		8AFC99BC2CD66CCD00C17F82 /* FirebaseCore in Frameworks */ = {isa = PBXBuildFile; productRef = 8AFC99BB2CD66CCD00C17F82 /* FirebaseCore */; };
		8AFC99BE2CD66CCD00C17F82 /* FirebaseCrashlytics in Frameworks */ = {isa = PBXBuildFile; productRef = 8AFC99BD2CD66CCD00C17F82 /* FirebaseCrashlytics */; };
		8AFC99C02CD66CCD00C17F82 /* FirebaseDatabase in Frameworks */ = {isa = PBXBuildFile; productRef = 8AFC99BF2CD66CCD00C17F82 /* FirebaseDatabase */; };
		8AFC99C22CD66CCD00C17F82 /* FirebaseDynamicLinks in Frameworks */ = {isa = PBXBuildFile; productRef = 8AFC99C12CD66CCD00C17F82 /* FirebaseDynamicLinks */; };
		8AFC99C42CD66CCD00C17F82 /* FirebaseFirestore in Frameworks */ = {isa = PBXBuildFile; productRef = 8AFC99C32CD66CCD00C17F82 /* FirebaseFirestore */; };
		8AFC99C62CD66CCD00C17F82 /* FirebaseFirestoreCombine-Community in Frameworks */ = {isa = PBXBuildFile; productRef = 8AFC99C52CD66CCD00C17F82 /* FirebaseFirestoreCombine-Community */; };
		8AFC99C82CD66CCD00C17F82 /* FirebaseFunctions in Frameworks */ = {isa = PBXBuildFile; productRef = 8AFC99C72CD66CCD00C17F82 /* FirebaseFunctions */; };
		8AFC99CA2CD66CCD00C17F82 /* FirebaseFunctionsCombine-Community in Frameworks */ = {isa = PBXBuildFile; productRef = 8AFC99C92CD66CCD00C17F82 /* FirebaseFunctionsCombine-Community */; };
		8AFC99CC2CD66CCD00C17F82 /* FirebaseInAppMessaging-Beta in Frameworks */ = {isa = PBXBuildFile; productRef = 8AFC99CB2CD66CCD00C17F82 /* FirebaseInAppMessaging-Beta */; };
		8AFC99CE2CD66CCD00C17F82 /* FirebaseInstallations in Frameworks */ = {isa = PBXBuildFile; productRef = 8AFC99CD2CD66CCD00C17F82 /* FirebaseInstallations */; };
		8AFC99D02CD66CCD00C17F82 /* FirebaseMLModelDownloader in Frameworks */ = {isa = PBXBuildFile; productRef = 8AFC99CF2CD66CCD00C17F82 /* FirebaseMLModelDownloader */; };
		8AFC99D22CD66CCD00C17F82 /* FirebaseMessaging in Frameworks */ = {isa = PBXBuildFile; productRef = 8AFC99D12CD66CCD00C17F82 /* FirebaseMessaging */; };
		8AFC99D42CD66CCD00C17F82 /* FirebasePerformance in Frameworks */ = {isa = PBXBuildFile; productRef = 8AFC99D32CD66CCD00C17F82 /* FirebasePerformance */; };
		8AFC99D62CD66CCD00C17F82 /* FirebaseRemoteConfig in Frameworks */ = {isa = PBXBuildFile; productRef = 8AFC99D52CD66CCD00C17F82 /* FirebaseRemoteConfig */; };
		8AFC99D82CD66CCD00C17F82 /* FirebaseStorage in Frameworks */ = {isa = PBXBuildFile; productRef = 8AFC99D72CD66CCD00C17F82 /* FirebaseStorage */; };
		8AFC99DA2CD66CCD00C17F82 /* FirebaseStorageCombine-Community in Frameworks */ = {isa = PBXBuildFile; productRef = 8AFC99D92CD66CCD00C17F82 /* FirebaseStorageCombine-Community */; };
		8AFC99DC2CD66CCD00C17F82 /* FirebaseVertexAI in Frameworks */ = {isa = PBXBuildFile; productRef = 8AFC99DB2CD66CCD00C17F82 /* FirebaseVertexAI */; };
		8AFC99DF2CD66ECD00C17F82 /* AuthenticationNetworkManager.swift in Sources */ = {isa = PBXBuildFile; fileRef = 8AFC99DE2CD66ECD00C17F82 /* AuthenticationNetworkManager.swift */; };
		8AFC99E22CD670CE00C17F82 /* User.swift in Sources */ = {isa = PBXBuildFile; fileRef = 8AFC99E12CD670CE00C17F82 /* User.swift */; };
		8AFC99E42CD676B000C17F82 /* CreateNewAccountViewModel.swift in Sources */ = {isa = PBXBuildFile; fileRef = 8AFC99E32CD676B000C17F82 /* CreateNewAccountViewModel.swift */; };
		8AFC99E92CD6BECC00C17F82 /* UserManager.swift in Sources */ = {isa = PBXBuildFile; fileRef = 8AFC99E82CD6BECC00C17F82 /* UserManager.swift */; };
/* End PBXBuildFile section */

/* Begin PBXFileReference section */
		8A32A8762CB85AE90040DA04 /* TattooSpot.app */ = {isa = PBXFileReference; explicitFileType = wrapper.application; includeInIndex = 0; path = TattooSpot.app; sourceTree = BUILT_PRODUCTS_DIR; };
		8A32A8792CB85AE90040DA04 /* TattooSpotApp.swift */ = {isa = PBXFileReference; lastKnownFileType = sourcecode.swift; path = TattooSpotApp.swift; sourceTree = "<group>"; };
		8A32A87B2CB85AE90040DA04 /* ContentView.swift */ = {isa = PBXFileReference; lastKnownFileType = sourcecode.swift; path = ContentView.swift; sourceTree = "<group>"; };
		8A32A87D2CB85AE90040DA04 /* Item.swift */ = {isa = PBXFileReference; lastKnownFileType = sourcecode.swift; path = Item.swift; sourceTree = "<group>"; };
		8A32A87F2CB85AEB0040DA04 /* Assets.xcassets */ = {isa = PBXFileReference; lastKnownFileType = folder.assetcatalog; path = Assets.xcassets; sourceTree = "<group>"; };
		8A32A8822CB85AEB0040DA04 /* Preview Assets.xcassets */ = {isa = PBXFileReference; lastKnownFileType = folder.assetcatalog; path = "Preview Assets.xcassets"; sourceTree = "<group>"; };
		8A32A88A2CB85B410040DA04 /* LoginView.swift */ = {isa = PBXFileReference; lastKnownFileType = sourcecode.swift; path = LoginView.swift; sourceTree = "<group>"; };
		8A32A88C2CB85BE00040DA04 /* LoginViewModel.swift */ = {isa = PBXFileReference; lastKnownFileType = sourcecode.swift; path = LoginViewModel.swift; sourceTree = "<group>"; };
		8A32A88E2CB85DC80040DA04 /* Router.swift */ = {isa = PBXFileReference; lastKnownFileType = sourcecode.swift; path = Router.swift; sourceTree = "<group>"; };
		8A32A8912CB85DFA0040DA04 /* Destination.swift */ = {isa = PBXFileReference; lastKnownFileType = sourcecode.swift; path = Destination.swift; sourceTree = "<group>"; };
		8A32A8932CB85F9C0040DA04 /* CreateNewAccountView.swift */ = {isa = PBXFileReference; lastKnownFileType = sourcecode.swift; path = CreateNewAccountView.swift; sourceTree = "<group>"; };
		8A32A8952CB860680040DA04 /* HomeView.swift */ = {isa = PBXFileReference; lastKnownFileType = sourcecode.swift; path = HomeView.swift; sourceTree = "<group>"; };
		8A32A8972CB863120040DA04 /* UserView.swift */ = {isa = PBXFileReference; lastKnownFileType = sourcecode.swift; path = UserView.swift; sourceTree = "<group>"; };
		8AAC16C72CD7B0F2003D6171 /* HomeArtistHighlightView.swift */ = {isa = PBXFileReference; lastKnownFileType = sourcecode.swift; path = HomeArtistHighlightView.swift; sourceTree = "<group>"; };
		8AAC16C92CD7C0D5003D6171 /* MainTabView.swift */ = {isa = PBXFileReference; lastKnownFileType = sourcecode.swift; path = MainTabView.swift; sourceTree = "<group>"; };
		8AFC99AA2CD66C4D00C17F82 /* GoogleService-Info.plist */ = {isa = PBXFileReference; fileEncoding = 4; lastKnownFileType = text.plist.xml; path = "GoogleService-Info.plist"; sourceTree = "<group>"; };
		8AFC99DE2CD66ECD00C17F82 /* AuthenticationNetworkManager.swift */ = {isa = PBXFileReference; lastKnownFileType = sourcecode.swift; path = AuthenticationNetworkManager.swift; sourceTree = "<group>"; };
		8AFC99E12CD670CE00C17F82 /* User.swift */ = {isa = PBXFileReference; lastKnownFileType = sourcecode.swift; path = User.swift; sourceTree = "<group>"; };
		8AFC99E32CD676B000C17F82 /* CreateNewAccountViewModel.swift */ = {isa = PBXFileReference; lastKnownFileType = sourcecode.swift; path = CreateNewAccountViewModel.swift; sourceTree = "<group>"; };
		8AFC99E82CD6BECC00C17F82 /* UserManager.swift */ = {isa = PBXFileReference; lastKnownFileType = sourcecode.swift; path = UserManager.swift; sourceTree = "<group>"; };
/* End PBXFileReference section */

/* Begin PBXFrameworksBuildPhase section */
		8A32A8732CB85AE90040DA04 /* Frameworks */ = {
			isa = PBXFrameworksBuildPhase;
			buildActionMask = 2147483647;
			files = (
				8AFC99C62CD66CCD00C17F82 /* FirebaseFirestoreCombine-Community in Frameworks */,
				8AFC99DC2CD66CCD00C17F82 /* FirebaseVertexAI in Frameworks */,
				8AFC99C82CD66CCD00C17F82 /* FirebaseFunctions in Frameworks */,
				8AFC99D42CD66CCD00C17F82 /* FirebasePerformance in Frameworks */,
				8AFC99DA2CD66CCD00C17F82 /* FirebaseStorageCombine-Community in Frameworks */,
				8AFC99D62CD66CCD00C17F82 /* FirebaseRemoteConfig in Frameworks */,
				8AFC99C02CD66CCD00C17F82 /* FirebaseDatabase in Frameworks */,
				8AFC99C22CD66CCD00C17F82 /* FirebaseDynamicLinks in Frameworks */,
				8AFC99B42CD66CCD00C17F82 /* FirebaseAppCheck in Frameworks */,
				8AFC99B82CD66CCD00C17F82 /* FirebaseAuth in Frameworks */,
				8AFC99AE2CD66CCD00C17F82 /* FirebaseAnalytics in Frameworks */,
				8AFC99C42CD66CCD00C17F82 /* FirebaseFirestore in Frameworks */,
				8AFC99D22CD66CCD00C17F82 /* FirebaseMessaging in Frameworks */,
				8AFC99CE2CD66CCD00C17F82 /* FirebaseInstallations in Frameworks */,
				8AFC99CA2CD66CCD00C17F82 /* FirebaseFunctionsCombine-Community in Frameworks */,
				8AFC99B62CD66CCD00C17F82 /* FirebaseAppDistribution-Beta in Frameworks */,
				8AFC99B22CD66CCD00C17F82 /* FirebaseAnalyticsWithoutAdIdSupport in Frameworks */,
				8AFC99CC2CD66CCD00C17F82 /* FirebaseInAppMessaging-Beta in Frameworks */,
				8AFC99BA2CD66CCD00C17F82 /* FirebaseAuthCombine-Community in Frameworks */,
				8AFC99BE2CD66CCD00C17F82 /* FirebaseCrashlytics in Frameworks */,
				8AFC99D02CD66CCD00C17F82 /* FirebaseMLModelDownloader in Frameworks */,
				8AFC99D82CD66CCD00C17F82 /* FirebaseStorage in Frameworks */,
				8AFC99BC2CD66CCD00C17F82 /* FirebaseCore in Frameworks */,
				8AFC99B02CD66CCD00C17F82 /* FirebaseAnalyticsOnDeviceConversion in Frameworks */,
			);
			runOnlyForDeploymentPostprocessing = 0;
		};
/* End PBXFrameworksBuildPhase section */

/* Begin PBXGroup section */
		8A32A86D2CB85AE90040DA04 = {
			isa = PBXGroup;
			children = (
				8A32A8782CB85AE90040DA04 /* TattooSpot */,
				8A32A8772CB85AE90040DA04 /* Products */,
			);
			sourceTree = "<group>";
		};
		8A32A8772CB85AE90040DA04 /* Products */ = {
			isa = PBXGroup;
			children = (
				8A32A8762CB85AE90040DA04 /* TattooSpot.app */,
			);
			name = Products;
			sourceTree = "<group>";
		};
		8A32A8782CB85AE90040DA04 /* TattooSpot */ = {
			isa = PBXGroup;
			children = (
				8AFC99E72CD6BE7000C17F82 /* SupportingFiles */,
				8AFC99E02CD670C700C17F82 /* Models */,
				8AFC99A82CD669CA00C17F82 /* ViewModels */,
				8AFC99A72CD6699D00C17F82 /* Views */,
				8A32A8812CB85AEB0040DA04 /* Preview Content */,
				8A32A8902CB85DEA0040DA04 /* Routing */,
				8AFC99DD2CD66E8900C17F82 /* Networking */,
				8A32A87F2CB85AEB0040DA04 /* Assets.xcassets */,
				8A32A87B2CB85AE90040DA04 /* ContentView.swift */,
				8A32A87D2CB85AE90040DA04 /* Item.swift */,
				8A32A8792CB85AE90040DA04 /* TattooSpotApp.swift */,
				8AFC99AA2CD66C4D00C17F82 /* GoogleService-Info.plist */,
			);
			path = TattooSpot;
			sourceTree = "<group>";
		};
		8A32A8812CB85AEB0040DA04 /* Preview Content */ = {
			isa = PBXGroup;
			children = (
				8A32A8822CB85AEB0040DA04 /* Preview Assets.xcassets */,
			);
			path = "Preview Content";
			sourceTree = "<group>";
		};
		8A32A8892CB85B1A0040DA04 /* Authentication */ = {
			isa = PBXGroup;
			children = (
				8A32A88A2CB85B410040DA04 /* LoginView.swift */,
				8A32A8932CB85F9C0040DA04 /* CreateNewAccountView.swift */,
			);
			path = Authentication;
			sourceTree = "<group>";
		};
		8A32A8902CB85DEA0040DA04 /* Routing */ = {
			isa = PBXGroup;
			children = (
				8A32A88E2CB85DC80040DA04 /* Router.swift */,
				8A32A8912CB85DFA0040DA04 /* Destination.swift */,
			);
			path = Routing;
			sourceTree = "<group>";
		};
		8AAC16C62CD7B0DD003D6171 /* Components */ = {
			isa = PBXGroup;
			children = (
				8AAC16C72CD7B0F2003D6171 /* HomeArtistHighlightView.swift */,
			);
			path = Components;
			sourceTree = "<group>";
		};
		8AFC99A72CD6699D00C17F82 /* Views */ = {
			isa = PBXGroup;
			children = (
				8AAC16C62CD7B0DD003D6171 /* Components */,
				8A32A8952CB860680040DA04 /* HomeView.swift */,
				8A32A8972CB863120040DA04 /* UserView.swift */,
				8A32A8892CB85B1A0040DA04 /* Authentication */,
				8AAC16C92CD7C0D5003D6171 /* MainTabView.swift */,
			);
			path = Views;
			sourceTree = "<group>";
		};
		8AFC99A82CD669CA00C17F82 /* ViewModels */ = {
			isa = PBXGroup;
			children = (
				8AFC99A92CD669D300C17F82 /* Authentication */,
			);
			path = ViewModels;
			sourceTree = "<group>";
		};
		8AFC99A92CD669D300C17F82 /* Authentication */ = {
			isa = PBXGroup;
			children = (
				8A32A88C2CB85BE00040DA04 /* LoginViewModel.swift */,
				8AFC99E32CD676B000C17F82 /* CreateNewAccountViewModel.swift */,
			);
			path = Authentication;
			sourceTree = "<group>";
		};
		8AFC99DD2CD66E8900C17F82 /* Networking */ = {
			isa = PBXGroup;
			children = (
				8AFC99DE2CD66ECD00C17F82 /* AuthenticationNetworkManager.swift */,
			);
			path = Networking;
			sourceTree = "<group>";
		};
		8AFC99E02CD670C700C17F82 /* Models */ = {
			isa = PBXGroup;
			children = (
				8AFC99E12CD670CE00C17F82 /* User.swift */,
			);
			path = Models;
			sourceTree = "<group>";
		};
		8AFC99E72CD6BE7000C17F82 /* SupportingFiles */ = {
			isa = PBXGroup;
			children = (
				8AFC99E82CD6BECC00C17F82 /* UserManager.swift */,
			);
			path = SupportingFiles;
			sourceTree = "<group>";
		};
/* End PBXGroup section */

/* Begin PBXNativeTarget section */
		8A32A8752CB85AE90040DA04 /* TattooSpot */ = {
			isa = PBXNativeTarget;
			buildConfigurationList = 8A32A8862CB85AEB0040DA04 /* Build configuration list for PBXNativeTarget "TattooSpot" */;
			buildPhases = (
				8A32A8722CB85AE90040DA04 /* Sources */,
				8A32A8732CB85AE90040DA04 /* Frameworks */,
				8A32A8742CB85AE90040DA04 /* Resources */,
			);
			buildRules = (
			);
			dependencies = (
			);
			name = TattooSpot;
			packageProductDependencies = (
				8AFC99AD2CD66CCD00C17F82 /* FirebaseAnalytics */,
				8AFC99AF2CD66CCD00C17F82 /* FirebaseAnalyticsOnDeviceConversion */,
				8AFC99B12CD66CCD00C17F82 /* FirebaseAnalyticsWithoutAdIdSupport */,
				8AFC99B32CD66CCD00C17F82 /* FirebaseAppCheck */,
				8AFC99B52CD66CCD00C17F82 /* FirebaseAppDistribution-Beta */,
				8AFC99B72CD66CCD00C17F82 /* FirebaseAuth */,
				8AFC99B92CD66CCD00C17F82 /* FirebaseAuthCombine-Community */,
				8AFC99BB2CD66CCD00C17F82 /* FirebaseCore */,
				8AFC99BD2CD66CCD00C17F82 /* FirebaseCrashlytics */,
				8AFC99BF2CD66CCD00C17F82 /* FirebaseDatabase */,
				8AFC99C12CD66CCD00C17F82 /* FirebaseDynamicLinks */,
				8AFC99C32CD66CCD00C17F82 /* FirebaseFirestore */,
				8AFC99C52CD66CCD00C17F82 /* FirebaseFirestoreCombine-Community */,
				8AFC99C72CD66CCD00C17F82 /* FirebaseFunctions */,
				8AFC99C92CD66CCD00C17F82 /* FirebaseFunctionsCombine-Community */,
				8AFC99CB2CD66CCD00C17F82 /* FirebaseInAppMessaging-Beta */,
				8AFC99CD2CD66CCD00C17F82 /* FirebaseInstallations */,
				8AFC99CF2CD66CCD00C17F82 /* FirebaseMLModelDownloader */,
				8AFC99D12CD66CCD00C17F82 /* FirebaseMessaging */,
				8AFC99D32CD66CCD00C17F82 /* FirebasePerformance */,
				8AFC99D52CD66CCD00C17F82 /* FirebaseRemoteConfig */,
				8AFC99D72CD66CCD00C17F82 /* FirebaseStorage */,
				8AFC99D92CD66CCD00C17F82 /* FirebaseStorageCombine-Community */,
				8AFC99DB2CD66CCD00C17F82 /* FirebaseVertexAI */,
			);
			productName = TattooSpot;
			productReference = 8A32A8762CB85AE90040DA04 /* TattooSpot.app */;
			productType = "com.apple.product-type.application";
		};
/* End PBXNativeTarget section */

/* Begin PBXProject section */
		8A32A86E2CB85AE90040DA04 /* Project object */ = {
			isa = PBXProject;
			attributes = {
				BuildIndependentTargetsInParallel = 1;
				LastSwiftUpdateCheck = 1500;
				LastUpgradeCheck = 1500;
				TargetAttributes = {
					8A32A8752CB85AE90040DA04 = {
						CreatedOnToolsVersion = 15.0.1;
					};
				};
			};
			buildConfigurationList = 8A32A8712CB85AE90040DA04 /* Build configuration list for PBXProject "TattooSpot" */;
			compatibilityVersion = "Xcode 14.0";
			developmentRegion = en;
			hasScannedForEncodings = 0;
			knownRegions = (
				en,
				Base,
			);
			mainGroup = 8A32A86D2CB85AE90040DA04;
			packageReferences = (
				8AFC99AC2CD66CCD00C17F82 /* XCRemoteSwiftPackageReference "firebase-ios-sdk" */,
			);
			productRefGroup = 8A32A8772CB85AE90040DA04 /* Products */;
			projectDirPath = "";
			projectRoot = "";
			targets = (
				8A32A8752CB85AE90040DA04 /* TattooSpot */,
			);
		};
/* End PBXProject section */

/* Begin PBXResourcesBuildPhase section */
		8A32A8742CB85AE90040DA04 /* Resources */ = {
			isa = PBXResourcesBuildPhase;
			buildActionMask = 2147483647;
			files = (
				8A32A8832CB85AEB0040DA04 /* Preview Assets.xcassets in Resources */,
				8A32A8802CB85AEB0040DA04 /* Assets.xcassets in Resources */,
				8AFC99AB2CD66C4D00C17F82 /* GoogleService-Info.plist in Resources */,
			);
			runOnlyForDeploymentPostprocessing = 0;
		};
/* End PBXResourcesBuildPhase section */

/* Begin PBXSourcesBuildPhase section */
		8A32A8722CB85AE90040DA04 /* Sources */ = {
			isa = PBXSourcesBuildPhase;
			buildActionMask = 2147483647;
			files = (
				8A32A8962CB860680040DA04 /* HomeView.swift in Sources */,
				8AAC16C82CD7B0F2003D6171 /* HomeArtistHighlightView.swift in Sources */,
				8A32A87C2CB85AE90040DA04 /* ContentView.swift in Sources */,
				8AAC16CA2CD7C0D5003D6171 /* MainTabView.swift in Sources */,
				8AFC99E92CD6BECC00C17F82 /* UserManager.swift in Sources */,
				8A32A87E2CB85AE90040DA04 /* Item.swift in Sources */,
				8A32A88B2CB85B410040DA04 /* LoginView.swift in Sources */,
				8AFC99DF2CD66ECD00C17F82 /* AuthenticationNetworkManager.swift in Sources */,
				8A32A8942CB85F9C0040DA04 /* CreateNewAccountView.swift in Sources */,
				8A32A88D2CB85BE00040DA04 /* LoginViewModel.swift in Sources */,
				8A32A88F2CB85DC80040DA04 /* Router.swift in Sources */,
				8AFC99E22CD670CE00C17F82 /* User.swift in Sources */,
				8A32A8982CB863120040DA04 /* UserView.swift in Sources */,
				8A32A87A2CB85AE90040DA04 /* TattooSpotApp.swift in Sources */,
				8A32A8922CB85DFA0040DA04 /* Destination.swift in Sources */,
				8AFC99E42CD676B000C17F82 /* CreateNewAccountViewModel.swift in Sources */,
			);
			runOnlyForDeploymentPostprocessing = 0;
		};
/* End PBXSourcesBuildPhase section */

/* Begin XCBuildConfiguration section */
		8A32A8842CB85AEB0040DA04 /* Debug */ = {
			isa = XCBuildConfiguration;
			buildSettings = {
				ALWAYS_SEARCH_USER_PATHS = NO;
				ASSETCATALOG_COMPILER_GENERATE_SWIFT_ASSET_SYMBOL_EXTENSIONS = YES;
				CLANG_ANALYZER_NONNULL = YES;
				CLANG_ANALYZER_NUMBER_OBJECT_CONVERSION = YES_AGGRESSIVE;
				CLANG_CXX_LANGUAGE_STANDARD = "gnu++20";
				CLANG_ENABLE_MODULES = YES;
				CLANG_ENABLE_OBJC_ARC = YES;
				CLANG_ENABLE_OBJC_WEAK = YES;
				CLANG_WARN_BLOCK_CAPTURE_AUTORELEASING = YES;
				CLANG_WARN_BOOL_CONVERSION = YES;
				CLANG_WARN_COMMA = YES;
				CLANG_WARN_CONSTANT_CONVERSION = YES;
				CLANG_WARN_DEPRECATED_OBJC_IMPLEMENTATIONS = YES;
				CLANG_WARN_DIRECT_OBJC_ISA_USAGE = YES_ERROR;
				CLANG_WARN_DOCUMENTATION_COMMENTS = YES;
				CLANG_WARN_EMPTY_BODY = YES;
				CLANG_WARN_ENUM_CONVERSION = YES;
				CLANG_WARN_INFINITE_RECURSION = YES;
				CLANG_WARN_INT_CONVERSION = YES;
				CLANG_WARN_NON_LITERAL_NULL_CONVERSION = YES;
				CLANG_WARN_OBJC_IMPLICIT_RETAIN_SELF = YES;
				CLANG_WARN_OBJC_LITERAL_CONVERSION = YES;
				CLANG_WARN_OBJC_ROOT_CLASS = YES_ERROR;
				CLANG_WARN_QUOTED_INCLUDE_IN_FRAMEWORK_HEADER = YES;
				CLANG_WARN_RANGE_LOOP_ANALYSIS = YES;
				CLANG_WARN_STRICT_PROTOTYPES = YES;
				CLANG_WARN_SUSPICIOUS_MOVE = YES;
				CLANG_WARN_UNGUARDED_AVAILABILITY = YES_AGGRESSIVE;
				CLANG_WARN_UNREACHABLE_CODE = YES;
				CLANG_WARN__DUPLICATE_METHOD_MATCH = YES;
				COPY_PHASE_STRIP = NO;
				DEBUG_INFORMATION_FORMAT = dwarf;
				ENABLE_STRICT_OBJC_MSGSEND = YES;
				ENABLE_TESTABILITY = YES;
				ENABLE_USER_SCRIPT_SANDBOXING = YES;
				GCC_C_LANGUAGE_STANDARD = gnu17;
				GCC_DYNAMIC_NO_PIC = NO;
				GCC_NO_COMMON_BLOCKS = YES;
				GCC_OPTIMIZATION_LEVEL = 0;
				GCC_PREPROCESSOR_DEFINITIONS = (
					"DEBUG=1",
					"$(inherited)",
				);
				GCC_WARN_64_TO_32_BIT_CONVERSION = YES;
				GCC_WARN_ABOUT_RETURN_TYPE = YES_ERROR;
				GCC_WARN_UNDECLARED_SELECTOR = YES;
				GCC_WARN_UNINITIALIZED_AUTOS = YES_AGGRESSIVE;
				GCC_WARN_UNUSED_FUNCTION = YES;
				GCC_WARN_UNUSED_VARIABLE = YES;
				IPHONEOS_DEPLOYMENT_TARGET = 17.0;
				LOCALIZATION_PREFERS_STRING_CATALOGS = YES;
				MTL_ENABLE_DEBUG_INFO = INCLUDE_SOURCE;
				MTL_FAST_MATH = YES;
				ONLY_ACTIVE_ARCH = YES;
				SDKROOT = iphoneos;
				SWIFT_ACTIVE_COMPILATION_CONDITIONS = "DEBUG $(inherited)";
				SWIFT_OPTIMIZATION_LEVEL = "-Onone";
			};
			name = Debug;
		};
		8A32A8852CB85AEB0040DA04 /* Release */ = {
			isa = XCBuildConfiguration;
			buildSettings = {
				ALWAYS_SEARCH_USER_PATHS = NO;
				ASSETCATALOG_COMPILER_GENERATE_SWIFT_ASSET_SYMBOL_EXTENSIONS = YES;
				CLANG_ANALYZER_NONNULL = YES;
				CLANG_ANALYZER_NUMBER_OBJECT_CONVERSION = YES_AGGRESSIVE;
				CLANG_CXX_LANGUAGE_STANDARD = "gnu++20";
				CLANG_ENABLE_MODULES = YES;
				CLANG_ENABLE_OBJC_ARC = YES;
				CLANG_ENABLE_OBJC_WEAK = YES;
				CLANG_WARN_BLOCK_CAPTURE_AUTORELEASING = YES;
				CLANG_WARN_BOOL_CONVERSION = YES;
				CLANG_WARN_COMMA = YES;
				CLANG_WARN_CONSTANT_CONVERSION = YES;
				CLANG_WARN_DEPRECATED_OBJC_IMPLEMENTATIONS = YES;
				CLANG_WARN_DIRECT_OBJC_ISA_USAGE = YES_ERROR;
				CLANG_WARN_DOCUMENTATION_COMMENTS = YES;
				CLANG_WARN_EMPTY_BODY = YES;
				CLANG_WARN_ENUM_CONVERSION = YES;
				CLANG_WARN_INFINITE_RECURSION = YES;
				CLANG_WARN_INT_CONVERSION = YES;
				CLANG_WARN_NON_LITERAL_NULL_CONVERSION = YES;
				CLANG_WARN_OBJC_IMPLICIT_RETAIN_SELF = YES;
				CLANG_WARN_OBJC_LITERAL_CONVERSION = YES;
				CLANG_WARN_OBJC_ROOT_CLASS = YES_ERROR;
				CLANG_WARN_QUOTED_INCLUDE_IN_FRAMEWORK_HEADER = YES;
				CLANG_WARN_RANGE_LOOP_ANALYSIS = YES;
				CLANG_WARN_STRICT_PROTOTYPES = YES;
				CLANG_WARN_SUSPICIOUS_MOVE = YES;
				CLANG_WARN_UNGUARDED_AVAILABILITY = YES_AGGRESSIVE;
				CLANG_WARN_UNREACHABLE_CODE = YES;
				CLANG_WARN__DUPLICATE_METHOD_MATCH = YES;
				COPY_PHASE_STRIP = NO;
				DEBUG_INFORMATION_FORMAT = "dwarf-with-dsym";
				ENABLE_NS_ASSERTIONS = NO;
				ENABLE_STRICT_OBJC_MSGSEND = YES;
				ENABLE_USER_SCRIPT_SANDBOXING = YES;
				GCC_C_LANGUAGE_STANDARD = gnu17;
				GCC_NO_COMMON_BLOCKS = YES;
				GCC_WARN_64_TO_32_BIT_CONVERSION = YES;
				GCC_WARN_ABOUT_RETURN_TYPE = YES_ERROR;
				GCC_WARN_UNDECLARED_SELECTOR = YES;
				GCC_WARN_UNINITIALIZED_AUTOS = YES_AGGRESSIVE;
				GCC_WARN_UNUSED_FUNCTION = YES;
				GCC_WARN_UNUSED_VARIABLE = YES;
				IPHONEOS_DEPLOYMENT_TARGET = 17.0;
				LOCALIZATION_PREFERS_STRING_CATALOGS = YES;
				MTL_ENABLE_DEBUG_INFO = NO;
				MTL_FAST_MATH = YES;
				SDKROOT = iphoneos;
				SWIFT_COMPILATION_MODE = wholemodule;
				VALIDATE_PRODUCT = YES;
			};
			name = Release;
		};
		8A32A8872CB85AEB0040DA04 /* Debug */ = {
			isa = XCBuildConfiguration;
			buildSettings = {
				ASSETCATALOG_COMPILER_APPICON_NAME = AppIcon;
				ASSETCATALOG_COMPILER_GLOBAL_ACCENT_COLOR_NAME = AccentColor;
				CODE_SIGN_STYLE = Automatic;
				CURRENT_PROJECT_VERSION = 1;
				DEVELOPMENT_ASSET_PATHS = "\"TattooSpot/Preview Content\"";
				DEVELOPMENT_TEAM = FN745B5UPH;
				ENABLE_PREVIEWS = YES;
				GENERATE_INFOPLIST_FILE = YES;
				INFOPLIST_KEY_UIApplicationSceneManifest_Generation = YES;
				INFOPLIST_KEY_UIApplicationSupportsIndirectInputEvents = YES;
				INFOPLIST_KEY_UILaunchScreen_Generation = YES;
				INFOPLIST_KEY_UISupportedInterfaceOrientations_iPad = "UIInterfaceOrientationPortrait UIInterfaceOrientationPortraitUpsideDown UIInterfaceOrientationLandscapeLeft UIInterfaceOrientationLandscapeRight";
				INFOPLIST_KEY_UISupportedInterfaceOrientations_iPhone = "UIInterfaceOrientationPortrait UIInterfaceOrientationLandscapeLeft UIInterfaceOrientationLandscapeRight";
				LD_RUNPATH_SEARCH_PATHS = (
					"$(inherited)",
					"@executable_path/Frameworks",
				);
				MARKETING_VERSION = 1.0;
				PRODUCT_BUNDLE_IDENTIFIER = jakubiwaszek.TattooSpot;
				PRODUCT_NAME = "$(TARGET_NAME)";
				SWIFT_EMIT_LOC_STRINGS = YES;
				SWIFT_VERSION = 5.0;
				TARGETED_DEVICE_FAMILY = "1,2";
			};
			name = Debug;
		};
		8A32A8882CB85AEB0040DA04 /* Release */ = {
			isa = XCBuildConfiguration;
			buildSettings = {
				ASSETCATALOG_COMPILER_APPICON_NAME = AppIcon;
				ASSETCATALOG_COMPILER_GLOBAL_ACCENT_COLOR_NAME = AccentColor;
				CODE_SIGN_STYLE = Automatic;
				CURRENT_PROJECT_VERSION = 1;
				DEVELOPMENT_ASSET_PATHS = "\"TattooSpot/Preview Content\"";
				DEVELOPMENT_TEAM = FN745B5UPH;
				ENABLE_PREVIEWS = YES;
				GENERATE_INFOPLIST_FILE = YES;
				INFOPLIST_KEY_UIApplicationSceneManifest_Generation = YES;
				INFOPLIST_KEY_UIApplicationSupportsIndirectInputEvents = YES;
				INFOPLIST_KEY_UILaunchScreen_Generation = YES;
				INFOPLIST_KEY_UISupportedInterfaceOrientations_iPad = "UIInterfaceOrientationPortrait UIInterfaceOrientationPortraitUpsideDown UIInterfaceOrientationLandscapeLeft UIInterfaceOrientationLandscapeRight";
				INFOPLIST_KEY_UISupportedInterfaceOrientations_iPhone = "UIInterfaceOrientationPortrait UIInterfaceOrientationLandscapeLeft UIInterfaceOrientationLandscapeRight";
				LD_RUNPATH_SEARCH_PATHS = (
					"$(inherited)",
					"@executable_path/Frameworks",
				);
				MARKETING_VERSION = 1.0;
				PRODUCT_BUNDLE_IDENTIFIER = jakubiwaszek.TattooSpot;
				PRODUCT_NAME = "$(TARGET_NAME)";
				SWIFT_EMIT_LOC_STRINGS = YES;
				SWIFT_VERSION = 5.0;
				TARGETED_DEVICE_FAMILY = "1,2";
			};
			name = Release;
		};
/* End XCBuildConfiguration section */

/* Begin XCConfigurationList section */
		8A32A8712CB85AE90040DA04 /* Build configuration list for PBXProject "TattooSpot" */ = {
			isa = XCConfigurationList;
			buildConfigurations = (
				8A32A8842CB85AEB0040DA04 /* Debug */,
				8A32A8852CB85AEB0040DA04 /* Release */,
			);
			defaultConfigurationIsVisible = 0;
			defaultConfigurationName = Release;
		};
		8A32A8862CB85AEB0040DA04 /* Build configuration list for PBXNativeTarget "TattooSpot" */ = {
			isa = XCConfigurationList;
			buildConfigurations = (
				8A32A8872CB85AEB0040DA04 /* Debug */,
				8A32A8882CB85AEB0040DA04 /* Release */,
			);
			defaultConfigurationIsVisible = 0;
			defaultConfigurationName = Release;
		};
/* End XCConfigurationList section */

/* Begin XCRemoteSwiftPackageReference section */
		8AFC99AC2CD66CCD00C17F82 /* XCRemoteSwiftPackageReference "firebase-ios-sdk" */ = {
			isa = XCRemoteSwiftPackageReference;
			repositoryURL = "https://github.com/firebase/firebase-ios-sdk";
			requirement = {
				kind = upToNextMajorVersion;
				minimumVersion = 11.4.0;
			};
		};
/* End XCRemoteSwiftPackageReference section */

/* Begin XCSwiftPackageProductDependency section */
		8AFC99AD2CD66CCD00C17F82 /* FirebaseAnalytics */ = {
			isa = XCSwiftPackageProductDependency;
			package = 8AFC99AC2CD66CCD00C17F82 /* XCRemoteSwiftPackageReference "firebase-ios-sdk" */;
			productName = FirebaseAnalytics;
		};
		8AFC99AF2CD66CCD00C17F82 /* FirebaseAnalyticsOnDeviceConversion */ = {
			isa = XCSwiftPackageProductDependency;
			package = 8AFC99AC2CD66CCD00C17F82 /* XCRemoteSwiftPackageReference "firebase-ios-sdk" */;
			productName = FirebaseAnalyticsOnDeviceConversion;
		};
		8AFC99B12CD66CCD00C17F82 /* FirebaseAnalyticsWithoutAdIdSupport */ = {
			isa = XCSwiftPackageProductDependency;
			package = 8AFC99AC2CD66CCD00C17F82 /* XCRemoteSwiftPackageReference "firebase-ios-sdk" */;
			productName = FirebaseAnalyticsWithoutAdIdSupport;
		};
		8AFC99B32CD66CCD00C17F82 /* FirebaseAppCheck */ = {
			isa = XCSwiftPackageProductDependency;
			package = 8AFC99AC2CD66CCD00C17F82 /* XCRemoteSwiftPackageReference "firebase-ios-sdk" */;
			productName = FirebaseAppCheck;
		};
		8AFC99B52CD66CCD00C17F82 /* FirebaseAppDistribution-Beta */ = {
			isa = XCSwiftPackageProductDependency;
			package = 8AFC99AC2CD66CCD00C17F82 /* XCRemoteSwiftPackageReference "firebase-ios-sdk" */;
			productName = "FirebaseAppDistribution-Beta";
		};
		8AFC99B72CD66CCD00C17F82 /* FirebaseAuth */ = {
			isa = XCSwiftPackageProductDependency;
			package = 8AFC99AC2CD66CCD00C17F82 /* XCRemoteSwiftPackageReference "firebase-ios-sdk" */;
			productName = FirebaseAuth;
		};
		8AFC99B92CD66CCD00C17F82 /* FirebaseAuthCombine-Community */ = {
			isa = XCSwiftPackageProductDependency;
			package = 8AFC99AC2CD66CCD00C17F82 /* XCRemoteSwiftPackageReference "firebase-ios-sdk" */;
			productName = "FirebaseAuthCombine-Community";
		};
		8AFC99BB2CD66CCD00C17F82 /* FirebaseCore */ = {
			isa = XCSwiftPackageProductDependency;
			package = 8AFC99AC2CD66CCD00C17F82 /* XCRemoteSwiftPackageReference "firebase-ios-sdk" */;
			productName = FirebaseCore;
		};
		8AFC99BD2CD66CCD00C17F82 /* FirebaseCrashlytics */ = {
			isa = XCSwiftPackageProductDependency;
			package = 8AFC99AC2CD66CCD00C17F82 /* XCRemoteSwiftPackageReference "firebase-ios-sdk" */;
			productName = FirebaseCrashlytics;
		};
		8AFC99BF2CD66CCD00C17F82 /* FirebaseDatabase */ = {
			isa = XCSwiftPackageProductDependency;
			package = 8AFC99AC2CD66CCD00C17F82 /* XCRemoteSwiftPackageReference "firebase-ios-sdk" */;
			productName = FirebaseDatabase;
		};
		8AFC99C12CD66CCD00C17F82 /* FirebaseDynamicLinks */ = {
			isa = XCSwiftPackageProductDependency;
			package = 8AFC99AC2CD66CCD00C17F82 /* XCRemoteSwiftPackageReference "firebase-ios-sdk" */;
			productName = FirebaseDynamicLinks;
		};
		8AFC99C32CD66CCD00C17F82 /* FirebaseFirestore */ = {
			isa = XCSwiftPackageProductDependency;
			package = 8AFC99AC2CD66CCD00C17F82 /* XCRemoteSwiftPackageReference "firebase-ios-sdk" */;
			productName = FirebaseFirestore;
		};
		8AFC99C52CD66CCD00C17F82 /* FirebaseFirestoreCombine-Community */ = {
			isa = XCSwiftPackageProductDependency;
			package = 8AFC99AC2CD66CCD00C17F82 /* XCRemoteSwiftPackageReference "firebase-ios-sdk" */;
			productName = "FirebaseFirestoreCombine-Community";
		};
		8AFC99C72CD66CCD00C17F82 /* FirebaseFunctions */ = {
			isa = XCSwiftPackageProductDependency;
			package = 8AFC99AC2CD66CCD00C17F82 /* XCRemoteSwiftPackageReference "firebase-ios-sdk" */;
			productName = FirebaseFunctions;
		};
		8AFC99C92CD66CCD00C17F82 /* FirebaseFunctionsCombine-Community */ = {
			isa = XCSwiftPackageProductDependency;
			package = 8AFC99AC2CD66CCD00C17F82 /* XCRemoteSwiftPackageReference "firebase-ios-sdk" */;
			productName = "FirebaseFunctionsCombine-Community";
		};
		8AFC99CB2CD66CCD00C17F82 /* FirebaseInAppMessaging-Beta */ = {
			isa = XCSwiftPackageProductDependency;
			package = 8AFC99AC2CD66CCD00C17F82 /* XCRemoteSwiftPackageReference "firebase-ios-sdk" */;
			productName = "FirebaseInAppMessaging-Beta";
		};
		8AFC99CD2CD66CCD00C17F82 /* FirebaseInstallations */ = {
			isa = XCSwiftPackageProductDependency;
			package = 8AFC99AC2CD66CCD00C17F82 /* XCRemoteSwiftPackageReference "firebase-ios-sdk" */;
			productName = FirebaseInstallations;
		};
		8AFC99CF2CD66CCD00C17F82 /* FirebaseMLModelDownloader */ = {
			isa = XCSwiftPackageProductDependency;
			package = 8AFC99AC2CD66CCD00C17F82 /* XCRemoteSwiftPackageReference "firebase-ios-sdk" */;
			productName = FirebaseMLModelDownloader;
		};
		8AFC99D12CD66CCD00C17F82 /* FirebaseMessaging */ = {
			isa = XCSwiftPackageProductDependency;
			package = 8AFC99AC2CD66CCD00C17F82 /* XCRemoteSwiftPackageReference "firebase-ios-sdk" */;
			productName = FirebaseMessaging;
		};
		8AFC99D32CD66CCD00C17F82 /* FirebasePerformance */ = {
			isa = XCSwiftPackageProductDependency;
			package = 8AFC99AC2CD66CCD00C17F82 /* XCRemoteSwiftPackageReference "firebase-ios-sdk" */;
			productName = FirebasePerformance;
		};
		8AFC99D52CD66CCD00C17F82 /* FirebaseRemoteConfig */ = {
			isa = XCSwiftPackageProductDependency;
			package = 8AFC99AC2CD66CCD00C17F82 /* XCRemoteSwiftPackageReference "firebase-ios-sdk" */;
			productName = FirebaseRemoteConfig;
		};
		8AFC99D72CD66CCD00C17F82 /* FirebaseStorage */ = {
			isa = XCSwiftPackageProductDependency;
			package = 8AFC99AC2CD66CCD00C17F82 /* XCRemoteSwiftPackageReference "firebase-ios-sdk" */;
			productName = FirebaseStorage;
		};
		8AFC99D92CD66CCD00C17F82 /* FirebaseStorageCombine-Community */ = {
			isa = XCSwiftPackageProductDependency;
			package = 8AFC99AC2CD66CCD00C17F82 /* XCRemoteSwiftPackageReference "firebase-ios-sdk" */;
			productName = "FirebaseStorageCombine-Community";
		};
		8AFC99DB2CD66CCD00C17F82 /* FirebaseVertexAI */ = {
			isa = XCSwiftPackageProductDependency;
			package = 8AFC99AC2CD66CCD00C17F82 /* XCRemoteSwiftPackageReference "firebase-ios-sdk" */;
			productName = FirebaseVertexAI;
		};
/* End XCSwiftPackageProductDependency section */
	};
	rootObject = 8A32A86E2CB85AE90040DA04 /* Project object */;
}
